
Microsoft Visual Studio Solution File, Format Version 12.00
# Visual Studio 15
VisualStudioVersion = 15.0.28307.705
MinimumVisualStudioVersion = 10.0.40219.1
Project("{FAE04EC0-301F-11D3-BF4B-00C04F79EFBC}") = "LearningSignalR", "LearningSignalR\LearningSignalR.csproj", "{D4168BF0-B449-483B-A980-84865426231D}"
EndProject
Global
	GlobalSection(SolutionConfigurationPlatforms) = preSolution
		Debug|Any CPU = Debug|Any CPU
		Release|Any CPU = Release|Any CPU
	EndGlobalSection
	GlobalSection(ProjectConfigurationPlatforms) = postSolution
		{D4168BF0-B449-483B-A980-84865426231D}.Debug|Any CPU.ActiveCfg = Debug|Any CPU
		{D4168BF0-B449-483B-A980-84865426231D}.Debug|Any CPU.Build.0 = Debug|Any CPU
		{D4168BF0-B449-483B-A980-84865426231D}.Release|Any CPU.ActiveCfg = Release|Any CPU
		{D4168BF0-B449-483B-A980-84865426231D}.Release|Any CPU.Build.0 = Release|Any CPU
	EndGlobalSection
	GlobalSection(SolutionProperties) = preSolution
		HideSolutionNode = FALSE
	EndGlobalSection
	GlobalSection(ExtensibilityGlobals) = postSolution
		SolutionGuid = {58B574C9-89A2-467D-A24E-284007A0AFEC}
	EndGlobalSection
EndGlobal
